
Microsoft Visual Studio Solution File, Format Version 12.00
# Visual Studio Version 17
VisualStudioVersion = 17.7.34031.279
MinimumVisualStudioVersion = 10.0.40219.1
Project("{FAE04EC0-301F-11D3-BF4B-00C04F79EFBC}") = "C# Weather Application", "C# Weather Application\C# Weather Application.csproj", "{4B461F09-DF70-4CB8-BEA0-DD609B7F8D11}"
EndProject
Global
	GlobalSection(SolutionConfigurationPlatforms) = preSolution
		Debug|Any CPU = Debug|Any CPU
		Release|Any CPU = Release|Any CPU
	EndGlobalSection
	GlobalSection(ProjectConfigurationPlatforms) = postSolution
		{4B461F09-DF70-4CB8-BEA0-DD609B7F8D11}.Debug|Any CPU.ActiveCfg = Debug|Any CPU
		{4B461F09-DF70-4CB8-BEA0-DD609B7F8D11}.Debug|Any CPU.Build.0 = Debug|Any CPU
		{4B461F09-DF70-4CB8-BEA0-DD609B7F8D11}.Release|Any CPU.ActiveCfg = Release|Any CPU
		{4B461F09-DF70-4CB8-BEA0-DD609B7F8D11}.Release|Any CPU.Build.0 = Release|Any CPU
	EndGlobalSection
	GlobalSection(SolutionProperties) = preSolution
		HideSolutionNode = FALSE
	EndGlobalSection
	GlobalSection(ExtensibilityGlobals) = postSolution
		SolutionGuid = {DDD95A8B-0576-49C4-B92F-711BE464AE86}
	EndGlobalSection
EndGlobal
